// !$*UTF8*$!
{
	archiveVersion = 1;
	classes = {
	};
	objectVersion = 50;
	objects = {

/* Begin PBXBuildFile section */
		AD62A51625B6F406004172F2 /* Reciplease.xcdatamodeld in Sources */ = {isa = PBXBuildFile; fileRef = AD62A51425B6F406004172F2 /* Reciplease.xcdatamodeld */; };
		AD62A51A25B6F49F004172F2 /* FavoriteRecipe.swift in Sources */ = {isa = PBXBuildFile; fileRef = AD62A51925B6F49F004172F2 /* FavoriteRecipe.swift */; };
		AD62A51E25B70E54004172F2 /* FavoriteRecipeCell.swift in Sources */ = {isa = PBXBuildFile; fileRef = AD62A51D25B70E54004172F2 /* FavoriteRecipeCell.swift */; };
		ADA1154B2571172A00611418 /* Constants.swift in Sources */ = {isa = PBXBuildFile; fileRef = ADA1154A2571172A00611418 /* Constants.swift */; };
		ADA14C6A256326CB00CB76D7 /* Recipe.swift in Sources */ = {isa = PBXBuildFile; fileRef = ADA14C69256326CB00CB76D7 /* Recipe.swift */; };
		ADA14C6F2563BCCD00CB76D7 /* NetworkManager.swift in Sources */ = {isa = PBXBuildFile; fileRef = ADA14C6E2563BCCD00CB76D7 /* NetworkManager.swift */; };
		ADA14C732563D1C500CB76D7 /* RPError.swift in Sources */ = {isa = PBXBuildFile; fileRef = ADA14C722563D1C500CB76D7 /* RPError.swift */; };
		ADA14C7A25657B5900CB76D7 /* RecipeCell.swift in Sources */ = {isa = PBXBuildFile; fileRef = ADA14C7925657B5900CB76D7 /* RecipeCell.swift */; };
		ADA14C7D25657C2300CB76D7 /* RPRecipeImageView.swift in Sources */ = {isa = PBXBuildFile; fileRef = ADA14C7C25657C2300CB76D7 /* RPRecipeImageView.swift */; };
		ADA14C8D2566A4DA00CB76D7 /* DetailVC.swift in Sources */ = {isa = PBXBuildFile; fileRef = ADA14C8C2566A4DA00CB76D7 /* DetailVC.swift */; };
		ADA14C9F2567DB5200CB76D7 /* UIView+Ext.swift in Sources */ = {isa = PBXBuildFile; fileRef = ADA14C9E2567DB5200CB76D7 /* UIView+Ext.swift */; };
		ADA14CA42568584400CB76D7 /* Cooker Cake Demo.otf in Resources */ = {isa = PBXBuildFile; fileRef = ADA14CA32568584400CB76D7 /* Cooker Cake Demo.otf */; };
		ADBB421D2562716A003CB377 /* RPTitleLabel.swift in Sources */ = {isa = PBXBuildFile; fileRef = ADBB421C2562716A003CB377 /* RPTitleLabel.swift */; };
		ADBB4220256272AE003CB377 /* RPBodyLabel.swift in Sources */ = {isa = PBXBuildFile; fileRef = ADBB421F256272AE003CB377 /* RPBodyLabel.swift */; };
		ADBB423625629161003CB377 /* IngredientCell.swift in Sources */ = {isa = PBXBuildFile; fileRef = ADBB423525629161003CB377 /* IngredientCell.swift */; };
		ADBC32BD25403EE800C837EA /* AppDelegate.swift in Sources */ = {isa = PBXBuildFile; fileRef = ADBC32BC25403EE800C837EA /* AppDelegate.swift */; };
		ADBC32BF25403EE800C837EA /* SceneDelegate.swift in Sources */ = {isa = PBXBuildFile; fileRef = ADBC32BE25403EE800C837EA /* SceneDelegate.swift */; };
		ADBC32C625403EE900C837EA /* Assets.xcassets in Resources */ = {isa = PBXBuildFile; fileRef = ADBC32C525403EE900C837EA /* Assets.xcassets */; };
		ADBC32C925403EE900C837EA /* LaunchScreen.storyboard in Resources */ = {isa = PBXBuildFile; fileRef = ADBC32C725403EE900C837EA /* LaunchScreen.storyboard */; };
		ADBC32D42540419800C837EA /* SearchVC.swift in Sources */ = {isa = PBXBuildFile; fileRef = ADBC32D32540419800C837EA /* SearchVC.swift */; };
		ADBC32D72540428400C837EA /* FavoritesVC.swift in Sources */ = {isa = PBXBuildFile; fileRef = ADBC32D62540428400C837EA /* FavoritesVC.swift */; };
		ADBC32DD25404EA600C837EA /* RPButton.swift in Sources */ = {isa = PBXBuildFile; fileRef = ADBC32DC25404EA600C837EA /* RPButton.swift */; };
		ADBC32E0254051E600C837EA /* RPTextField.swift in Sources */ = {isa = PBXBuildFile; fileRef = ADBC32DF254051E600C837EA /* RPTextField.swift */; };
		ADBC32E72540CB3A00C837EA /* RecipeListVC.swift in Sources */ = {isa = PBXBuildFile; fileRef = ADBC32E62540CB3A00C837EA /* RecipeListVC.swift */; };
		ADC73E9B25B979A0009DE593 /* RPTableView.swift in Sources */ = {isa = PBXBuildFile; fileRef = ADC73E9A25B979A0009DE593 /* RPTableView.swift */; };
/* End PBXBuildFile section */

/* Begin PBXFileReference section */
		AD62A51525B6F406004172F2 /* Reciplease.xcdatamodel */ = {isa = PBXFileReference; lastKnownFileType = wrapper.xcdatamodel; path = Reciplease.xcdatamodel; sourceTree = "<group>"; };
		AD62A51925B6F49F004172F2 /* FavoriteRecipe.swift */ = {isa = PBXFileReference; lastKnownFileType = sourcecode.swift; path = FavoriteRecipe.swift; sourceTree = "<group>"; };
		AD62A51D25B70E54004172F2 /* FavoriteRecipeCell.swift */ = {isa = PBXFileReference; lastKnownFileType = sourcecode.swift; path = FavoriteRecipeCell.swift; sourceTree = "<group>"; };
		ADA1154A2571172A00611418 /* Constants.swift */ = {isa = PBXFileReference; lastKnownFileType = sourcecode.swift; path = Constants.swift; sourceTree = "<group>"; };
		ADA14C69256326CB00CB76D7 /* Recipe.swift */ = {isa = PBXFileReference; lastKnownFileType = sourcecode.swift; path = Recipe.swift; sourceTree = "<group>"; };
		ADA14C6E2563BCCD00CB76D7 /* NetworkManager.swift */ = {isa = PBXFileReference; lastKnownFileType = sourcecode.swift; path = NetworkManager.swift; sourceTree = "<group>"; };
		ADA14C722563D1C500CB76D7 /* RPError.swift */ = {isa = PBXFileReference; lastKnownFileType = sourcecode.swift; path = RPError.swift; sourceTree = "<group>"; };
		ADA14C7925657B5900CB76D7 /* RecipeCell.swift */ = {isa = PBXFileReference; lastKnownFileType = sourcecode.swift; path = RecipeCell.swift; sourceTree = "<group>"; };
		ADA14C7C25657C2300CB76D7 /* RPRecipeImageView.swift */ = {isa = PBXFileReference; lastKnownFileType = sourcecode.swift; path = RPRecipeImageView.swift; sourceTree = "<group>"; };
		ADA14C8C2566A4DA00CB76D7 /* DetailVC.swift */ = {isa = PBXFileReference; lastKnownFileType = sourcecode.swift; path = DetailVC.swift; sourceTree = "<group>"; };
		ADA14C9E2567DB5200CB76D7 /* UIView+Ext.swift */ = {isa = PBXFileReference; lastKnownFileType = sourcecode.swift; path = "UIView+Ext.swift"; sourceTree = "<group>"; };
		ADA14CA32568584400CB76D7 /* Cooker Cake Demo.otf */ = {isa = PBXFileReference; lastKnownFileType = file; path = "Cooker Cake Demo.otf"; sourceTree = "<group>"; };
		ADBB421C2562716A003CB377 /* RPTitleLabel.swift */ = {isa = PBXFileReference; lastKnownFileType = sourcecode.swift; path = RPTitleLabel.swift; sourceTree = "<group>"; };
		ADBB421F256272AE003CB377 /* RPBodyLabel.swift */ = {isa = PBXFileReference; lastKnownFileType = sourcecode.swift; path = RPBodyLabel.swift; sourceTree = "<group>"; };
		ADBB423525629161003CB377 /* IngredientCell.swift */ = {isa = PBXFileReference; lastKnownFileType = sourcecode.swift; path = IngredientCell.swift; sourceTree = "<group>"; };
		ADBC32B925403EE800C837EA /* Reciplease.app */ = {isa = PBXFileReference; explicitFileType = wrapper.application; includeInIndex = 0; path = Reciplease.app; sourceTree = BUILT_PRODUCTS_DIR; };
		ADBC32BC25403EE800C837EA /* AppDelegate.swift */ = {isa = PBXFileReference; lastKnownFileType = sourcecode.swift; path = AppDelegate.swift; sourceTree = "<group>"; };
		ADBC32BE25403EE800C837EA /* SceneDelegate.swift */ = {isa = PBXFileReference; lastKnownFileType = sourcecode.swift; path = SceneDelegate.swift; sourceTree = "<group>"; };
		ADBC32C525403EE900C837EA /* Assets.xcassets */ = {isa = PBXFileReference; lastKnownFileType = folder.assetcatalog; path = Assets.xcassets; sourceTree = "<group>"; };
		ADBC32C825403EE900C837EA /* Base */ = {isa = PBXFileReference; lastKnownFileType = file.storyboard; name = Base; path = Base.lproj/LaunchScreen.storyboard; sourceTree = "<group>"; };
		ADBC32CA25403EE900C837EA /* Info.plist */ = {isa = PBXFileReference; lastKnownFileType = text.plist.xml; path = Info.plist; sourceTree = "<group>"; };
		ADBC32D32540419800C837EA /* SearchVC.swift */ = {isa = PBXFileReference; lastKnownFileType = sourcecode.swift; path = SearchVC.swift; sourceTree = "<group>"; };
		ADBC32D62540428400C837EA /* FavoritesVC.swift */ = {isa = PBXFileReference; lastKnownFileType = sourcecode.swift; path = FavoritesVC.swift; sourceTree = "<group>"; };
		ADBC32DC25404EA600C837EA /* RPButton.swift */ = {isa = PBXFileReference; lastKnownFileType = sourcecode.swift; path = RPButton.swift; sourceTree = "<group>"; };
		ADBC32DF254051E600C837EA /* RPTextField.swift */ = {isa = PBXFileReference; lastKnownFileType = sourcecode.swift; path = RPTextField.swift; sourceTree = "<group>"; };
		ADBC32E62540CB3A00C837EA /* RecipeListVC.swift */ = {isa = PBXFileReference; lastKnownFileType = sourcecode.swift; path = RecipeListVC.swift; sourceTree = "<group>"; };
		ADC73E9A25B979A0009DE593 /* RPTableView.swift */ = {isa = PBXFileReference; lastKnownFileType = sourcecode.swift; path = RPTableView.swift; sourceTree = "<group>"; };
/* End PBXFileReference section */

/* Begin PBXFrameworksBuildPhase section */
		ADBC32B625403EE800C837EA /* Frameworks */ = {
			isa = PBXFrameworksBuildPhase;
			buildActionMask = 2147483647;
			files = (
			);
			runOnlyForDeploymentPostprocessing = 0;
		};
/* End PBXFrameworksBuildPhase section */

/* Begin PBXGroup section */
		ADA14C68256326BA00CB76D7 /* Model */ = {
			isa = PBXGroup;
			children = (
				ADA14C69256326CB00CB76D7 /* Recipe.swift */,
				AD62A51425B6F406004172F2 /* Reciplease.xcdatamodeld */,
				AD62A51925B6F49F004172F2 /* FavoriteRecipe.swift */,
			);
			path = Model;
			sourceTree = "<group>";
		};
		ADA14C6D2563BCB800CB76D7 /* Managers */ = {
			isa = PBXGroup;
			children = (
				ADA14C6E2563BCCD00CB76D7 /* NetworkManager.swift */,
			);
			path = Managers;
			sourceTree = "<group>";
		};
		ADA14C712563D1B800CB76D7 /* Utilities */ = {
			isa = PBXGroup;
			children = (
				ADA14C722563D1C500CB76D7 /* RPError.swift */,
				ADA1154A2571172A00611418 /* Constants.swift */,
			);
			path = Utilities;
			sourceTree = "<group>";
		};
		ADA14C7825657B3C00CB76D7 /* Cells */ = {
			isa = PBXGroup;
			children = (
				ADBB423525629161003CB377 /* IngredientCell.swift */,
				ADA14C7925657B5900CB76D7 /* RecipeCell.swift */,
				AD62A51D25B70E54004172F2 /* FavoriteRecipeCell.swift */,
			);
			path = Cells;
			sourceTree = "<group>";
		};
		ADA14C832566843500CB76D7 /* Buttons */ = {
			isa = PBXGroup;
			children = (
				ADBC32DC25404EA600C837EA /* RPButton.swift */,
			);
			path = Buttons;
			sourceTree = "<group>";
		};
		ADA14C842566843A00CB76D7 /* Labels */ = {
			isa = PBXGroup;
			children = (
				ADBB421C2562716A003CB377 /* RPTitleLabel.swift */,
				ADBB421F256272AE003CB377 /* RPBodyLabel.swift */,
			);
			path = Labels;
			sourceTree = "<group>";
		};
		ADA14C852566845800CB76D7 /* TextFields */ = {
			isa = PBXGroup;
			children = (
				ADBC32DF254051E600C837EA /* RPTextField.swift */,
			);
			path = TextFields;
			sourceTree = "<group>";
		};
		ADA14C862566846100CB76D7 /* ImageViews */ = {
			isa = PBXGroup;
			children = (
				ADA14C7C25657C2300CB76D7 /* RPRecipeImageView.swift */,
			);
			path = ImageViews;
			sourceTree = "<group>";
		};
		ADA14CA22568582C00CB76D7 /* Fonts */ = {
			isa = PBXGroup;
			children = (
				ADA14CA32568584400CB76D7 /* Cooker Cake Demo.otf */,
			);
			path = Fonts;
			sourceTree = "<group>";
		};
		ADBB4229256281AB003CB377 /* Controller */ = {
			isa = PBXGroup;
			children = (
				ADBC32D32540419800C837EA /* SearchVC.swift */,
				ADBC32E62540CB3A00C837EA /* RecipeListVC.swift */,
				ADA14C8C2566A4DA00CB76D7 /* DetailVC.swift */,
				ADBC32D62540428400C837EA /* FavoritesVC.swift */,
			);
			path = Controller;
			sourceTree = "<group>";
		};
		ADBB422A256281DD003CB377 /* View */ = {
			isa = PBXGroup;
			children = (
				ADA14C842566843A00CB76D7 /* Labels */,
				ADA14C832566843500CB76D7 /* Buttons */,
				ADA14C862566846100CB76D7 /* ImageViews */,
				ADA14C852566845800CB76D7 /* TextFields */,
				ADA14C7825657B3C00CB76D7 /* Cells */,
				ADC73E9A25B979A0009DE593 /* RPTableView.swift */,
			);
			path = View;
			sourceTree = "<group>";
		};
		ADBB422B2562820D003CB377 /* Extensions */ = {
			isa = PBXGroup;
			children = (
				ADA14C9E2567DB5200CB76D7 /* UIView+Ext.swift */,
			);
			path = Extensions;
			sourceTree = "<group>";
		};
		ADBB422C2562826E003CB377 /* Support */ = {
			isa = PBXGroup;
			children = (
				ADA14CA22568582C00CB76D7 /* Fonts */,
				ADBC32BC25403EE800C837EA /* AppDelegate.swift */,
				ADBC32BE25403EE800C837EA /* SceneDelegate.swift */,
				ADBC32C525403EE900C837EA /* Assets.xcassets */,
				ADBC32C725403EE900C837EA /* LaunchScreen.storyboard */,
				ADBC32CA25403EE900C837EA /* Info.plist */,
			);
			path = Support;
			sourceTree = "<group>";
		};
		ADBC32B025403EE800C837EA = {
			isa = PBXGroup;
			children = (
				ADBC32BB25403EE800C837EA /* Reciplease */,
				ADBC32BA25403EE800C837EA /* Products */,
			);
			sourceTree = "<group>";
		};
		ADBC32BA25403EE800C837EA /* Products */ = {
			isa = PBXGroup;
			children = (
				ADBC32B925403EE800C837EA /* Reciplease.app */,
			);
			name = Products;
			sourceTree = "<group>";
		};
		ADBC32BB25403EE800C837EA /* Reciplease */ = {
			isa = PBXGroup;
			children = (
				ADA14C68256326BA00CB76D7 /* Model */,
				ADBB422A256281DD003CB377 /* View */,
				ADBB4229256281AB003CB377 /* Controller */,
				ADA14C6D2563BCB800CB76D7 /* Managers */,
				ADA14C712563D1B800CB76D7 /* Utilities */,
				ADBB422B2562820D003CB377 /* Extensions */,
				ADBB422C2562826E003CB377 /* Support */,
			);
			path = Reciplease;
			sourceTree = "<group>";
		};
/* End PBXGroup section */

/* Begin PBXNativeTarget section */
		ADBC32B825403EE800C837EA /* Reciplease */ = {
			isa = PBXNativeTarget;
			buildConfigurationList = ADBC32CD25403EE900C837EA /* Build configuration list for PBXNativeTarget "Reciplease" */;
			buildPhases = (
				ADBC32B525403EE800C837EA /* Sources */,
				ADBC32B625403EE800C837EA /* Frameworks */,
				ADBC32B725403EE800C837EA /* Resources */,
			);
			buildRules = (
			);
			dependencies = (
			);
			name = Reciplease;
			productName = Reciplease;
			productReference = ADBC32B925403EE800C837EA /* Reciplease.app */;
			productType = "com.apple.product-type.application";
		};
/* End PBXNativeTarget section */

/* Begin PBXProject section */
		ADBC32B125403EE800C837EA /* Project object */ = {
			isa = PBXProject;
			attributes = {
				LastSwiftUpdateCheck = 1200;
				LastUpgradeCheck = 1200;
				TargetAttributes = {
					ADBC32B825403EE800C837EA = {
						CreatedOnToolsVersion = 12.0.1;
					};
				};
			};
			buildConfigurationList = ADBC32B425403EE800C837EA /* Build configuration list for PBXProject "Reciplease" */;
			compatibilityVersion = "Xcode 9.3";
			developmentRegion = en;
			hasScannedForEncodings = 0;
			knownRegions = (
				en,
				Base,
			);
			mainGroup = ADBC32B025403EE800C837EA;
			productRefGroup = ADBC32BA25403EE800C837EA /* Products */;
			projectDirPath = "";
			projectRoot = "";
			targets = (
				ADBC32B825403EE800C837EA /* Reciplease */,
			);
		};
/* End PBXProject section */

/* Begin PBXResourcesBuildPhase section */
		ADBC32B725403EE800C837EA /* Resources */ = {
			isa = PBXResourcesBuildPhase;
			buildActionMask = 2147483647;
			files = (
				ADBC32C925403EE900C837EA /* LaunchScreen.storyboard in Resources */,
				ADA14CA42568584400CB76D7 /* Cooker Cake Demo.otf in Resources */,
				ADBC32C625403EE900C837EA /* Assets.xcassets in Resources */,
			);
			runOnlyForDeploymentPostprocessing = 0;
		};
/* End PBXResourcesBuildPhase section */

/* Begin PBXSourcesBuildPhase section */
		ADBC32B525403EE800C837EA /* Sources */ = {
			isa = PBXSourcesBuildPhase;
			buildActionMask = 2147483647;
			files = (
				ADBC32D72540428400C837EA /* FavoritesVC.swift in Sources */,
				AD62A51A25B6F49F004172F2 /* FavoriteRecipe.swift in Sources */,
				ADBC32D42540419800C837EA /* SearchVC.swift in Sources */,
				ADC73E9B25B979A0009DE593 /* RPTableView.swift in Sources */,
				ADA14C7A25657B5900CB76D7 /* RecipeCell.swift in Sources */,
				ADBC32E72540CB3A00C837EA /* RecipeListVC.swift in Sources */,
				ADA1154B2571172A00611418 /* Constants.swift in Sources */,
				ADBB421D2562716A003CB377 /* RPTitleLabel.swift in Sources */,
				ADA14C8D2566A4DA00CB76D7 /* DetailVC.swift in Sources */,
				ADA14C7D25657C2300CB76D7 /* RPRecipeImageView.swift in Sources */,
				ADBB4220256272AE003CB377 /* RPBodyLabel.swift in Sources */,
				ADA14C9F2567DB5200CB76D7 /* UIView+Ext.swift in Sources */,
				ADBC32BD25403EE800C837EA /* AppDelegate.swift in Sources */,
				ADA14C732563D1C500CB76D7 /* RPError.swift in Sources */,
				ADBC32DD25404EA600C837EA /* RPButton.swift in Sources */,
				ADBB423625629161003CB377 /* IngredientCell.swift in Sources */,
				ADBC32BF25403EE800C837EA /* SceneDelegate.swift in Sources */,
				ADA14C6F2563BCCD00CB76D7 /* NetworkManager.swift in Sources */,
				AD62A51625B6F406004172F2 /* Reciplease.xcdatamodeld in Sources */,
				AD62A51E25B70E54004172F2 /* FavoriteRecipeCell.swift in Sources */,
				ADA14C6A256326CB00CB76D7 /* Recipe.swift in Sources */,
				ADBC32E0254051E600C837EA /* RPTextField.swift in Sources */,
			);
			runOnlyForDeploymentPostprocessing = 0;
		};
/* End PBXSourcesBuildPhase section */

/* Begin PBXVariantGroup section */
		ADBC32C725403EE900C837EA /* LaunchScreen.storyboard */ = {
			isa = PBXVariantGroup;
			children = (
				ADBC32C825403EE900C837EA /* Base */,
			);
			name = LaunchScreen.storyboard;
			sourceTree = "<group>";
		};
/* End PBXVariantGroup section */

/* Begin XCBuildConfiguration section */
		ADBC32CB25403EE900C837EA /* Debug */ = {
			isa = XCBuildConfiguration;
			buildSettings = {
				ALWAYS_SEARCH_USER_PATHS = NO;
				CLANG_ANALYZER_NONNULL = YES;
				CLANG_ANALYZER_NUMBER_OBJECT_CONVERSION = YES_AGGRESSIVE;
				CLANG_CXX_LANGUAGE_STANDARD = "gnu++14";
				CLANG_CXX_LIBRARY = "libc++";
				CLANG_ENABLE_MODULES = YES;
				CLANG_ENABLE_OBJC_ARC = YES;
				CLANG_ENABLE_OBJC_WEAK = YES;
				CLANG_WARN_BLOCK_CAPTURE_AUTORELEASING = YES;
				CLANG_WARN_BOOL_CONVERSION = YES;
				CLANG_WARN_COMMA = YES;
				CLANG_WARN_CONSTANT_CONVERSION = YES;
				CLANG_WARN_DEPRECATED_OBJC_IMPLEMENTATIONS = YES;
				CLANG_WARN_DIRECT_OBJC_ISA_USAGE = YES_ERROR;
				CLANG_WARN_DOCUMENTATION_COMMENTS = YES;
				CLANG_WARN_EMPTY_BODY = YES;
				CLANG_WARN_ENUM_CONVERSION = YES;
				CLANG_WARN_INFINITE_RECURSION = YES;
				CLANG_WARN_INT_CONVERSION = YES;
				CLANG_WARN_NON_LITERAL_NULL_CONVERSION = YES;
				CLANG_WARN_OBJC_IMPLICIT_RETAIN_SELF = YES;
				CLANG_WARN_OBJC_LITERAL_CONVERSION = YES;
				CLANG_WARN_OBJC_ROOT_CLASS = YES_ERROR;
				CLANG_WARN_QUOTED_INCLUDE_IN_FRAMEWORK_HEADER = YES;
				CLANG_WARN_RANGE_LOOP_ANALYSIS = YES;
				CLANG_WARN_STRICT_PROTOTYPES = YES;
				CLANG_WARN_SUSPICIOUS_MOVE = YES;
				CLANG_WARN_UNGUARDED_AVAILABILITY = YES_AGGRESSIVE;
				CLANG_WARN_UNREACHABLE_CODE = YES;
				CLANG_WARN__DUPLICATE_METHOD_MATCH = YES;
				COPY_PHASE_STRIP = NO;
				DEBUG_INFORMATION_FORMAT = dwarf;
				ENABLE_STRICT_OBJC_MSGSEND = YES;
				ENABLE_TESTABILITY = YES;
				GCC_C_LANGUAGE_STANDARD = gnu11;
				GCC_DYNAMIC_NO_PIC = NO;
				GCC_NO_COMMON_BLOCKS = YES;
				GCC_OPTIMIZATION_LEVEL = 0;
				GCC_PREPROCESSOR_DEFINITIONS = (
					"DEBUG=1",
					"$(inherited)",
				);
				GCC_WARN_64_TO_32_BIT_CONVERSION = YES;
				GCC_WARN_ABOUT_RETURN_TYPE = YES_ERROR;
				GCC_WARN_UNDECLARED_SELECTOR = YES;
				GCC_WARN_UNINITIALIZED_AUTOS = YES_AGGRESSIVE;
				GCC_WARN_UNUSED_FUNCTION = YES;
				GCC_WARN_UNUSED_VARIABLE = YES;
				IPHONEOS_DEPLOYMENT_TARGET = 14.0;
				MTL_ENABLE_DEBUG_INFO = INCLUDE_SOURCE;
				MTL_FAST_MATH = YES;
				ONLY_ACTIVE_ARCH = YES;
				SDKROOT = iphoneos;
				SWIFT_ACTIVE_COMPILATION_CONDITIONS = DEBUG;
				SWIFT_OPTIMIZATION_LEVEL = "-Onone";
			};
			name = Debug;
		};
		ADBC32CC25403EE900C837EA /* Release */ = {
			isa = XCBuildConfiguration;
			buildSettings = {
				ALWAYS_SEARCH_USER_PATHS = NO;
				CLANG_ANALYZER_NONNULL = YES;
				CLANG_ANALYZER_NUMBER_OBJECT_CONVERSION = YES_AGGRESSIVE;
				CLANG_CXX_LANGUAGE_STANDARD = "gnu++14";
				CLANG_CXX_LIBRARY = "libc++";
				CLANG_ENABLE_MODULES = YES;
				CLANG_ENABLE_OBJC_ARC = YES;
				CLANG_ENABLE_OBJC_WEAK = YES;
				CLANG_WARN_BLOCK_CAPTURE_AUTORELEASING = YES;
				CLANG_WARN_BOOL_CONVERSION = YES;
				CLANG_WARN_COMMA = YES;
				CLANG_WARN_CONSTANT_CONVERSION = YES;
				CLANG_WARN_DEPRECATED_OBJC_IMPLEMENTATIONS = YES;
				CLANG_WARN_DIRECT_OBJC_ISA_USAGE = YES_ERROR;
				CLANG_WARN_DOCUMENTATION_COMMENTS = YES;
				CLANG_WARN_EMPTY_BODY = YES;
				CLANG_WARN_ENUM_CONVERSION = YES;
				CLANG_WARN_INFINITE_RECURSION = YES;
				CLANG_WARN_INT_CONVERSION = YES;
				CLANG_WARN_NON_LITERAL_NULL_CONVERSION = YES;
				CLANG_WARN_OBJC_IMPLICIT_RETAIN_SELF = YES;
				CLANG_WARN_OBJC_LITERAL_CONVERSION = YES;
				CLANG_WARN_OBJC_ROOT_CLASS = YES_ERROR;
				CLANG_WARN_QUOTED_INCLUDE_IN_FRAMEWORK_HEADER = YES;
				CLANG_WARN_RANGE_LOOP_ANALYSIS = YES;
				CLANG_WARN_STRICT_PROTOTYPES = YES;
				CLANG_WARN_SUSPICIOUS_MOVE = YES;
				CLANG_WARN_UNGUARDED_AVAILABILITY = YES_AGGRESSIVE;
				CLANG_WARN_UNREACHABLE_CODE = YES;
				CLANG_WARN__DUPLICATE_METHOD_MATCH = YES;
				COPY_PHASE_STRIP = NO;
				DEBUG_INFORMATION_FORMAT = "dwarf-with-dsym";
				ENABLE_NS_ASSERTIONS = NO;
				ENABLE_STRICT_OBJC_MSGSEND = YES;
				GCC_C_LANGUAGE_STANDARD = gnu11;
				GCC_NO_COMMON_BLOCKS = YES;
				GCC_WARN_64_TO_32_BIT_CONVERSION = YES;
				GCC_WARN_ABOUT_RETURN_TYPE = YES_ERROR;
				GCC_WARN_UNDECLARED_SELECTOR = YES;
				GCC_WARN_UNINITIALIZED_AUTOS = YES_AGGRESSIVE;
				GCC_WARN_UNUSED_FUNCTION = YES;
				GCC_WARN_UNUSED_VARIABLE = YES;
				IPHONEOS_DEPLOYMENT_TARGET = 14.0;
				MTL_ENABLE_DEBUG_INFO = NO;
				MTL_FAST_MATH = YES;
				SDKROOT = iphoneos;
				SWIFT_COMPILATION_MODE = wholemodule;
				SWIFT_OPTIMIZATION_LEVEL = "-O";
				VALIDATE_PRODUCT = YES;
			};
			name = Release;
		};
		ADBC32CE25403EE900C837EA /* Debug */ = {
			isa = XCBuildConfiguration;
			buildSettings = {
				ASSETCATALOG_COMPILER_APPICON_NAME = AppIcon;
				ASSETCATALOG_COMPILER_GLOBAL_ACCENT_COLOR_NAME = AccentColor;
				CODE_SIGN_STYLE = Automatic;
				DEVELOPMENT_TEAM = JVSADVSJ8H;
				INFOPLIST_FILE = Reciplease/Support/Info.plist;
				LD_RUNPATH_SEARCH_PATHS = (
					"$(inherited)",
					"@executable_path/Frameworks",
				);
				PRODUCT_BUNDLE_IDENTIFIER = example.Reciplease;
				PRODUCT_NAME = "$(TARGET_NAME)";
				SWIFT_VERSION = 5.0;
				TARGETED_DEVICE_FAMILY = 1;
			};
			name = Debug;
		};
		ADBC32CF25403EE900C837EA /* Release */ = {
			isa = XCBuildConfiguration;
			buildSettings = {
				ASSETCATALOG_COMPILER_APPICON_NAME = AppIcon;
				ASSETCATALOG_COMPILER_GLOBAL_ACCENT_COLOR_NAME = AccentColor;
				CODE_SIGN_STYLE = Automatic;
				DEVELOPMENT_TEAM = JVSADVSJ8H;
				INFOPLIST_FILE = Reciplease/Support/Info.plist;
				LD_RUNPATH_SEARCH_PATHS = (
					"$(inherited)",
					"@executable_path/Frameworks",
				);
				PRODUCT_BUNDLE_IDENTIFIER = example.Reciplease;
				PRODUCT_NAME = "$(TARGET_NAME)";
				SWIFT_VERSION = 5.0;
				TARGETED_DEVICE_FAMILY = 1;
			};
			name = Release;
		};
/* End XCBuildConfiguration section */

/* Begin XCConfigurationList section */
		ADBC32B425403EE800C837EA /* Build configuration list for PBXProject "Reciplease" */ = {
			isa = XCConfigurationList;
			buildConfigurations = (
				ADBC32CB25403EE900C837EA /* Debug */,
				ADBC32CC25403EE900C837EA /* Release */,
			);
			defaultConfigurationIsVisible = 0;
			defaultConfigurationName = Release;
		};
		ADBC32CD25403EE900C837EA /* Build configuration list for PBXNativeTarget "Reciplease" */ = {
			isa = XCConfigurationList;
			buildConfigurations = (
				ADBC32CE25403EE900C837EA /* Debug */,
				ADBC32CF25403EE900C837EA /* Release */,
			);
			defaultConfigurationIsVisible = 0;
			defaultConfigurationName = Release;
		};
/* End XCConfigurationList section */

/* Begin XCVersionGroup section */
		AD62A51425B6F406004172F2 /* Reciplease.xcdatamodeld */ = {
			isa = XCVersionGroup;
			children = (
				AD62A51525B6F406004172F2 /* Reciplease.xcdatamodel */,
			);
			currentVersion = AD62A51525B6F406004172F2 /* Reciplease.xcdatamodel */;
			path = Reciplease.xcdatamodeld;
			sourceTree = "<group>";
			versionGroupType = wrapper.xcdatamodel;
		};
/* End XCVersionGroup section */
	};
	rootObject = ADBC32B125403EE800C837EA /* Project object */;
}
