// !$*UTF8*$!
{
	archiveVersion = 1;
	classes = {
	};
	objectVersion = 50;
	objects = {

/* Begin PBXBuildFile section */
		ADBB421D2562716A003CB377 /* RPTitleLabel.swift in Sources */ = {isa = PBXBuildFile; fileRef = ADBB421C2562716A003CB377 /* RPTitleLabel.swift */; };
		ADBB4220256272AE003CB377 /* RPBodyLabel.swift in Sources */ = {isa = PBXBuildFile; fileRef = ADBB421F256272AE003CB377 /* RPBodyLabel.swift */; };
		ADBB422325627379003CB377 /* RPAlertVC.swift in Sources */ = {isa = PBXBuildFile; fileRef = ADBB422225627379003CB377 /* RPAlertVC.swift */; };
		ADBB4226256278C2003CB377 /* UIViewController+Ext.swift in Sources */ = {isa = PBXBuildFile; fileRef = ADBB4225256278C2003CB377 /* UIViewController+Ext.swift */; };
		ADBC32BD25403EE800C837EA /* AppDelegate.swift in Sources */ = {isa = PBXBuildFile; fileRef = ADBC32BC25403EE800C837EA /* AppDelegate.swift */; };
		ADBC32BF25403EE800C837EA /* SceneDelegate.swift in Sources */ = {isa = PBXBuildFile; fileRef = ADBC32BE25403EE800C837EA /* SceneDelegate.swift */; };
		ADBC32C625403EE900C837EA /* Assets.xcassets in Resources */ = {isa = PBXBuildFile; fileRef = ADBC32C525403EE900C837EA /* Assets.xcassets */; };
		ADBC32C925403EE900C837EA /* LaunchScreen.storyboard in Resources */ = {isa = PBXBuildFile; fileRef = ADBC32C725403EE900C837EA /* LaunchScreen.storyboard */; };
		ADBC32D42540419800C837EA /* SearchVC.swift in Sources */ = {isa = PBXBuildFile; fileRef = ADBC32D32540419800C837EA /* SearchVC.swift */; };
		ADBC32D72540428400C837EA /* FavoritesVC.swift in Sources */ = {isa = PBXBuildFile; fileRef = ADBC32D62540428400C837EA /* FavoritesVC.swift */; };
		ADBC32DD25404EA600C837EA /* RPButton.swift in Sources */ = {isa = PBXBuildFile; fileRef = ADBC32DC25404EA600C837EA /* RPButton.swift */; };
		ADBC32E0254051E600C837EA /* RPTextField.swift in Sources */ = {isa = PBXBuildFile; fileRef = ADBC32DF254051E600C837EA /* RPTextField.swift */; };
		ADBC32E72540CB3A00C837EA /* RecipeListVC.swift in Sources */ = {isa = PBXBuildFile; fileRef = ADBC32E62540CB3A00C837EA /* RecipeListVC.swift */; };
/* End PBXBuildFile section */

/* Begin PBXFileReference section */
		ADBB421C2562716A003CB377 /* RPTitleLabel.swift */ = {isa = PBXFileReference; lastKnownFileType = sourcecode.swift; path = RPTitleLabel.swift; sourceTree = "<group>"; };
		ADBB421F256272AE003CB377 /* RPBodyLabel.swift */ = {isa = PBXFileReference; lastKnownFileType = sourcecode.swift; path = RPBodyLabel.swift; sourceTree = "<group>"; };
		ADBB422225627379003CB377 /* RPAlertVC.swift */ = {isa = PBXFileReference; lastKnownFileType = sourcecode.swift; path = RPAlertVC.swift; sourceTree = "<group>"; };
		ADBB4225256278C2003CB377 /* UIViewController+Ext.swift */ = {isa = PBXFileReference; lastKnownFileType = sourcecode.swift; path = "UIViewController+Ext.swift"; sourceTree = "<group>"; };
		ADBC32B925403EE800C837EA /* Reciplease.app */ = {isa = PBXFileReference; explicitFileType = wrapper.application; includeInIndex = 0; path = Reciplease.app; sourceTree = BUILT_PRODUCTS_DIR; };
		ADBC32BC25403EE800C837EA /* AppDelegate.swift */ = {isa = PBXFileReference; lastKnownFileType = sourcecode.swift; path = AppDelegate.swift; sourceTree = "<group>"; };
		ADBC32BE25403EE800C837EA /* SceneDelegate.swift */ = {isa = PBXFileReference; lastKnownFileType = sourcecode.swift; path = SceneDelegate.swift; sourceTree = "<group>"; };
		ADBC32C525403EE900C837EA /* Assets.xcassets */ = {isa = PBXFileReference; lastKnownFileType = folder.assetcatalog; path = Assets.xcassets; sourceTree = "<group>"; };
		ADBC32C825403EE900C837EA /* Base */ = {isa = PBXFileReference; lastKnownFileType = file.storyboard; name = Base; path = Base.lproj/LaunchScreen.storyboard; sourceTree = "<group>"; };
		ADBC32CA25403EE900C837EA /* Info.plist */ = {isa = PBXFileReference; lastKnownFileType = text.plist.xml; path = Info.plist; sourceTree = "<group>"; };
		ADBC32D32540419800C837EA /* SearchVC.swift */ = {isa = PBXFileReference; lastKnownFileType = sourcecode.swift; path = SearchVC.swift; sourceTree = "<group>"; };
		ADBC32D62540428400C837EA /* FavoritesVC.swift */ = {isa = PBXFileReference; lastKnownFileType = sourcecode.swift; path = FavoritesVC.swift; sourceTree = "<group>"; };
		ADBC32DC25404EA600C837EA /* RPButton.swift */ = {isa = PBXFileReference; lastKnownFileType = sourcecode.swift; path = RPButton.swift; sourceTree = "<group>"; };
		ADBC32DF254051E600C837EA /* RPTextField.swift */ = {isa = PBXFileReference; lastKnownFileType = sourcecode.swift; path = RPTextField.swift; sourceTree = "<group>"; };
		ADBC32E62540CB3A00C837EA /* RecipeListVC.swift */ = {isa = PBXFileReference; lastKnownFileType = sourcecode.swift; path = RecipeListVC.swift; sourceTree = "<group>"; };
/* End PBXFileReference section */

/* Begin PBXFrameworksBuildPhase section */
		ADBC32B625403EE800C837EA /* Frameworks */ = {
			isa = PBXFrameworksBuildPhase;
			buildActionMask = 2147483647;
			files = (
			);
			runOnlyForDeploymentPostprocessing = 0;
		};
/* End PBXFrameworksBuildPhase section */

/* Begin PBXGroup section */
		ADBC32B025403EE800C837EA = {
			isa = PBXGroup;
			children = (
				ADBC32BB25403EE800C837EA /* Reciplease */,
				ADBC32BA25403EE800C837EA /* Products */,
			);
			sourceTree = "<group>";
		};
		ADBC32BA25403EE800C837EA /* Products */ = {
			isa = PBXGroup;
			children = (
				ADBC32B925403EE800C837EA /* Reciplease.app */,
			);
			name = Products;
			sourceTree = "<group>";
		};
		ADBC32BB25403EE800C837EA /* Reciplease */ = {
			isa = PBXGroup;
			children = (
				ADBC32BC25403EE800C837EA /* AppDelegate.swift */,
				ADBC32BE25403EE800C837EA /* SceneDelegate.swift */,
				ADBC32C525403EE900C837EA /* Assets.xcassets */,
				ADBC32C725403EE900C837EA /* LaunchScreen.storyboard */,
				ADBC32CA25403EE900C837EA /* Info.plist */,
				ADBC32D32540419800C837EA /* SearchVC.swift */,
				ADBC32D62540428400C837EA /* FavoritesVC.swift */,
				ADBC32E62540CB3A00C837EA /* RecipeListVC.swift */,
				ADBC32DC25404EA600C837EA /* RPButton.swift */,
				ADBC32DF254051E600C837EA /* RPTextField.swift */,
				ADBB421C2562716A003CB377 /* RPTitleLabel.swift */,
				ADBB421F256272AE003CB377 /* RPBodyLabel.swift */,
				ADBB422225627379003CB377 /* RPAlertVC.swift */,
				ADBB4225256278C2003CB377 /* UIViewController+Ext.swift */,
			);
			path = Reciplease;
			sourceTree = "<group>";
		};
/* End PBXGroup section */

/* Begin PBXNativeTarget section */
		ADBC32B825403EE800C837EA /* Reciplease */ = {
			isa = PBXNativeTarget;
			buildConfigurationList = ADBC32CD25403EE900C837EA /* Build configuration list for PBXNativeTarget "Reciplease" */;
			buildPhases = (
				ADBC32B525403EE800C837EA /* Sources */,
				ADBC32B625403EE800C837EA /* Frameworks */,
				ADBC32B725403EE800C837EA /* Resources */,
			);
			buildRules = (
			);
			dependencies = (
			);
			name = Reciplease;
			productName = Reciplease;
			productReference = ADBC32B925403EE800C837EA /* Reciplease.app */;
			productType = "com.apple.product-type.application";
		};
/* End PBXNativeTarget section */

/* Begin PBXProject section */
		ADBC32B125403EE800C837EA /* Project object */ = {
			isa = PBXProject;
			attributes = {
				LastSwiftUpdateCheck = 1200;
				LastUpgradeCheck = 1200;
				TargetAttributes = {
					ADBC32B825403EE800C837EA = {
						CreatedOnToolsVersion = 12.0.1;
					};
				};
			};
			buildConfigurationList = ADBC32B425403EE800C837EA /* Build configuration list for PBXProject "Reciplease" */;
			compatibilityVersion = "Xcode 9.3";
			developmentRegion = en;
			hasScannedForEncodings = 0;
			knownRegions = (
				en,
				Base,
			);
			mainGroup = ADBC32B025403EE800C837EA;
			productRefGroup = ADBC32BA25403EE800C837EA /* Products */;
			projectDirPath = "";
			projectRoot = "";
			targets = (
				ADBC32B825403EE800C837EA /* Reciplease */,
			);
		};
/* End PBXProject section */

/* Begin PBXResourcesBuildPhase section */
		ADBC32B725403EE800C837EA /* Resources */ = {
			isa = PBXResourcesBuildPhase;
			buildActionMask = 2147483647;
			files = (
				ADBC32C925403EE900C837EA /* LaunchScreen.storyboard in Resources */,
				ADBC32C625403EE900C837EA /* Assets.xcassets in Resources */,
			);
			runOnlyForDeploymentPostprocessing = 0;
		};
/* End PBXResourcesBuildPhase section */

/* Begin PBXSourcesBuildPhase section */
		ADBC32B525403EE800C837EA /* Sources */ = {
			isa = PBXSourcesBuildPhase;
			buildActionMask = 2147483647;
			files = (
				ADBC32D72540428400C837EA /* FavoritesVC.swift in Sources */,
				ADBC32D42540419800C837EA /* SearchVC.swift in Sources */,
				ADBB4226256278C2003CB377 /* UIViewController+Ext.swift in Sources */,
				ADBC32E72540CB3A00C837EA /* RecipeListVC.swift in Sources */,
				ADBB421D2562716A003CB377 /* RPTitleLabel.swift in Sources */,
				ADBB4220256272AE003CB377 /* RPBodyLabel.swift in Sources */,
				ADBC32BD25403EE800C837EA /* AppDelegate.swift in Sources */,
				ADBC32DD25404EA600C837EA /* RPButton.swift in Sources */,
				ADBC32BF25403EE800C837EA /* SceneDelegate.swift in Sources */,
				ADBC32E0254051E600C837EA /* RPTextField.swift in Sources */,
				ADBB422325627379003CB377 /* RPAlertVC.swift in Sources */,
			);
			runOnlyForDeploymentPostprocessing = 0;
		};
/* End PBXSourcesBuildPhase section */

/* Begin PBXVariantGroup section */
		ADBC32C725403EE900C837EA /* LaunchScreen.storyboard */ = {
			isa = PBXVariantGroup;
			children = (
				ADBC32C825403EE900C837EA /* Base */,
			);
			name = LaunchScreen.storyboard;
			sourceTree = "<group>";
		};
/* End PBXVariantGroup section */

/* Begin XCBuildConfiguration section */
		ADBC32CB25403EE900C837EA /* Debug */ = {
			isa = XCBuildConfiguration;
			buildSettings = {
				ALWAYS_SEARCH_USER_PATHS = NO;
				CLANG_ANALYZER_NONNULL = YES;
				CLANG_ANALYZER_NUMBER_OBJECT_CONVERSION = YES_AGGRESSIVE;
				CLANG_CXX_LANGUAGE_STANDARD = "gnu++14";
				CLANG_CXX_LIBRARY = "libc++";
				CLANG_ENABLE_MODULES = YES;
				CLANG_ENABLE_OBJC_ARC = YES;
				CLANG_ENABLE_OBJC_WEAK = YES;
				CLANG_WARN_BLOCK_CAPTURE_AUTORELEASING = YES;
				CLANG_WARN_BOOL_CONVERSION = YES;
				CLANG_WARN_COMMA = YES;
				CLANG_WARN_CONSTANT_CONVERSION = YES;
				CLANG_WARN_DEPRECATED_OBJC_IMPLEMENTATIONS = YES;
				CLANG_WARN_DIRECT_OBJC_ISA_USAGE = YES_ERROR;
				CLANG_WARN_DOCUMENTATION_COMMENTS = YES;
				CLANG_WARN_EMPTY_BODY = YES;
				CLANG_WARN_ENUM_CONVERSION = YES;
				CLANG_WARN_INFINITE_RECURSION = YES;
				CLANG_WARN_INT_CONVERSION = YES;
				CLANG_WARN_NON_LITERAL_NULL_CONVERSION = YES;
				CLANG_WARN_OBJC_IMPLICIT_RETAIN_SELF = YES;
				CLANG_WARN_OBJC_LITERAL_CONVERSION = YES;
				CLANG_WARN_OBJC_ROOT_CLASS = YES_ERROR;
				CLANG_WARN_QUOTED_INCLUDE_IN_FRAMEWORK_HEADER = YES;
				CLANG_WARN_RANGE_LOOP_ANALYSIS = YES;
				CLANG_WARN_STRICT_PROTOTYPES = YES;
				CLANG_WARN_SUSPICIOUS_MOVE = YES;
				CLANG_WARN_UNGUARDED_AVAILABILITY = YES_AGGRESSIVE;
				CLANG_WARN_UNREACHABLE_CODE = YES;
				CLANG_WARN__DUPLICATE_METHOD_MATCH = YES;
				COPY_PHASE_STRIP = NO;
				DEBUG_INFORMATION_FORMAT = dwarf;
				ENABLE_STRICT_OBJC_MSGSEND = YES;
				ENABLE_TESTABILITY = YES;
				GCC_C_LANGUAGE_STANDARD = gnu11;
				GCC_DYNAMIC_NO_PIC = NO;
				GCC_NO_COMMON_BLOCKS = YES;
				GCC_OPTIMIZATION_LEVEL = 0;
				GCC_PREPROCESSOR_DEFINITIONS = (
					"DEBUG=1",
					"$(inherited)",
				);
				GCC_WARN_64_TO_32_BIT_CONVERSION = YES;
				GCC_WARN_ABOUT_RETURN_TYPE = YES_ERROR;
				GCC_WARN_UNDECLARED_SELECTOR = YES;
				GCC_WARN_UNINITIALIZED_AUTOS = YES_AGGRESSIVE;
				GCC_WARN_UNUSED_FUNCTION = YES;
				GCC_WARN_UNUSED_VARIABLE = YES;
				IPHONEOS_DEPLOYMENT_TARGET = 14.0;
				MTL_ENABLE_DEBUG_INFO = INCLUDE_SOURCE;
				MTL_FAST_MATH = YES;
				ONLY_ACTIVE_ARCH = YES;
				SDKROOT = iphoneos;
				SWIFT_ACTIVE_COMPILATION_CONDITIONS = DEBUG;
				SWIFT_OPTIMIZATION_LEVEL = "-Onone";
			};
			name = Debug;
		};
		ADBC32CC25403EE900C837EA /* Release */ = {
			isa = XCBuildConfiguration;
			buildSettings = {
				ALWAYS_SEARCH_USER_PATHS = NO;
				CLANG_ANALYZER_NONNULL = YES;
				CLANG_ANALYZER_NUMBER_OBJECT_CONVERSION = YES_AGGRESSIVE;
				CLANG_CXX_LANGUAGE_STANDARD = "gnu++14";
				CLANG_CXX_LIBRARY = "libc++";
				CLANG_ENABLE_MODULES = YES;
				CLANG_ENABLE_OBJC_ARC = YES;
				CLANG_ENABLE_OBJC_WEAK = YES;
				CLANG_WARN_BLOCK_CAPTURE_AUTORELEASING = YES;
				CLANG_WARN_BOOL_CONVERSION = YES;
				CLANG_WARN_COMMA = YES;
				CLANG_WARN_CONSTANT_CONVERSION = YES;
				CLANG_WARN_DEPRECATED_OBJC_IMPLEMENTATIONS = YES;
				CLANG_WARN_DIRECT_OBJC_ISA_USAGE = YES_ERROR;
				CLANG_WARN_DOCUMENTATION_COMMENTS = YES;
				CLANG_WARN_EMPTY_BODY = YES;
				CLANG_WARN_ENUM_CONVERSION = YES;
				CLANG_WARN_INFINITE_RECURSION = YES;
				CLANG_WARN_INT_CONVERSION = YES;
				CLANG_WARN_NON_LITERAL_NULL_CONVERSION = YES;
				CLANG_WARN_OBJC_IMPLICIT_RETAIN_SELF = YES;
				CLANG_WARN_OBJC_LITERAL_CONVERSION = YES;
				CLANG_WARN_OBJC_ROOT_CLASS = YES_ERROR;
				CLANG_WARN_QUOTED_INCLUDE_IN_FRAMEWORK_HEADER = YES;
				CLANG_WARN_RANGE_LOOP_ANALYSIS = YES;
				CLANG_WARN_STRICT_PROTOTYPES = YES;
				CLANG_WARN_SUSPICIOUS_MOVE = YES;
				CLANG_WARN_UNGUARDED_AVAILABILITY = YES_AGGRESSIVE;
				CLANG_WARN_UNREACHABLE_CODE = YES;
				CLANG_WARN__DUPLICATE_METHOD_MATCH = YES;
				COPY_PHASE_STRIP = NO;
				DEBUG_INFORMATION_FORMAT = "dwarf-with-dsym";
				ENABLE_NS_ASSERTIONS = NO;
				ENABLE_STRICT_OBJC_MSGSEND = YES;
				GCC_C_LANGUAGE_STANDARD = gnu11;
				GCC_NO_COMMON_BLOCKS = YES;
				GCC_WARN_64_TO_32_BIT_CONVERSION = YES;
				GCC_WARN_ABOUT_RETURN_TYPE = YES_ERROR;
				GCC_WARN_UNDECLARED_SELECTOR = YES;
				GCC_WARN_UNINITIALIZED_AUTOS = YES_AGGRESSIVE;
				GCC_WARN_UNUSED_FUNCTION = YES;
				GCC_WARN_UNUSED_VARIABLE = YES;
				IPHONEOS_DEPLOYMENT_TARGET = 14.0;
				MTL_ENABLE_DEBUG_INFO = NO;
				MTL_FAST_MATH = YES;
				SDKROOT = iphoneos;
				SWIFT_COMPILATION_MODE = wholemodule;
				SWIFT_OPTIMIZATION_LEVEL = "-O";
				VALIDATE_PRODUCT = YES;
			};
			name = Release;
		};
		ADBC32CE25403EE900C837EA /* Debug */ = {
			isa = XCBuildConfiguration;
			buildSettings = {
				ASSETCATALOG_COMPILER_APPICON_NAME = AppIcon;
				ASSETCATALOG_COMPILER_GLOBAL_ACCENT_COLOR_NAME = AccentColor;
				CODE_SIGN_STYLE = Automatic;
				DEVELOPMENT_TEAM = JVSADVSJ8H;
				INFOPLIST_FILE = Reciplease/Info.plist;
				LD_RUNPATH_SEARCH_PATHS = (
					"$(inherited)",
					"@executable_path/Frameworks",
				);
				PRODUCT_BUNDLE_IDENTIFIER = example.Reciplease;
				PRODUCT_NAME = "$(TARGET_NAME)";
				SWIFT_VERSION = 5.0;
				TARGETED_DEVICE_FAMILY = 1;
			};
			name = Debug;
		};
		ADBC32CF25403EE900C837EA /* Release */ = {
			isa = XCBuildConfiguration;
			buildSettings = {
				ASSETCATALOG_COMPILER_APPICON_NAME = AppIcon;
				ASSETCATALOG_COMPILER_GLOBAL_ACCENT_COLOR_NAME = AccentColor;
				CODE_SIGN_STYLE = Automatic;
				DEVELOPMENT_TEAM = JVSADVSJ8H;
				INFOPLIST_FILE = Reciplease/Info.plist;
				LD_RUNPATH_SEARCH_PATHS = (
					"$(inherited)",
					"@executable_path/Frameworks",
				);
				PRODUCT_BUNDLE_IDENTIFIER = example.Reciplease;
				PRODUCT_NAME = "$(TARGET_NAME)";
				SWIFT_VERSION = 5.0;
				TARGETED_DEVICE_FAMILY = 1;
			};
			name = Release;
		};
/* End XCBuildConfiguration section */

/* Begin XCConfigurationList section */
		ADBC32B425403EE800C837EA /* Build configuration list for PBXProject "Reciplease" */ = {
			isa = XCConfigurationList;
			buildConfigurations = (
				ADBC32CB25403EE900C837EA /* Debug */,
				ADBC32CC25403EE900C837EA /* Release */,
			);
			defaultConfigurationIsVisible = 0;
			defaultConfigurationName = Release;
		};
		ADBC32CD25403EE900C837EA /* Build configuration list for PBXNativeTarget "Reciplease" */ = {
			isa = XCConfigurationList;
			buildConfigurations = (
				ADBC32CE25403EE900C837EA /* Debug */,
				ADBC32CF25403EE900C837EA /* Release */,
			);
			defaultConfigurationIsVisible = 0;
			defaultConfigurationName = Release;
		};
/* End XCConfigurationList section */
	};
	rootObject = ADBC32B125403EE800C837EA /* Project object */;
}
